
Microsoft Visual Studio Solution File, Format Version 12.00
# Visual Studio Version 17
VisualStudioVersion = 17.0.31919.166
MinimumVisualStudioVersion = 10.0.40219.1
Project("{FAE04EC0-301F-11D3-BF4B-00C04F79EFBC}") = "KolekcijeVozilo", "KolekcijeVozilo.csproj", "{B6817751-F5D1-41DC-AE39-2DC6E755B170}"
EndProject
Global
	GlobalSection(SolutionConfigurationPlatforms) = preSolution
		Debug|Any CPU = Debug|Any CPU
		Release|Any CPU = Release|Any CPU
	EndGlobalSection
	GlobalSection(ProjectConfigurationPlatforms) = postSolution
		{B6817751-F5D1-41DC-AE39-2DC6E755B170}.Debug|Any CPU.ActiveCfg = Debug|Any CPU
		{B6817751-F5D1-41DC-AE39-2DC6E755B170}.Debug|Any CPU.Build.0 = Debug|Any CPU
		{B6817751-F5D1-41DC-AE39-2DC6E755B170}.Release|Any CPU.ActiveCfg = Release|Any CPU
		{B6817751-F5D1-41DC-AE39-2DC6E755B170}.Release|Any CPU.Build.0 = Release|Any CPU
	EndGlobalSection
	GlobalSection(SolutionProperties) = preSolution
		HideSolutionNode = FALSE
	EndGlobalSection
	GlobalSection(ExtensibilityGlobals) = postSolution
		SolutionGuid = {4F4227D2-F6A0-477A-8224-B7611AFA999F}
	EndGlobalSection
EndGlobal
